<?xml version="1.0" encoding="utf-8"?>
<Project ToolsVersion="4.0" xmlns="http://schemas.microsoft.com/developer/msbuild/2003">
  <ItemGroup>
    <Filter Include="libs">
      <UniqueIdentifier>{5107366b-ae02-434e-86c5-9613ded354d1}</UniqueIdentifier>
    </Filter>
    <Filter Include="Classes">
      <UniqueIdentifier>{ebe2c499-d46a-424c-ae58-184560476b81}</UniqueIdentifier>
    </Filter>
    <Filter Include="Classes\source">
      <UniqueIdentifier>{2c6ec209-6782-4ba1-b03f-754174e5c2bd}</UniqueIdentifier>
      <Extensions>cpp;c;cxx;def;odl;idl;hpj;bat;asm</Extensions>
    </Filter>
    <Filter Include="Classes\include">
      <UniqueIdentifier>{2ccb517a-8273-46a6-9aff-e875685d507d}</UniqueIdentifier>
      <Extensions>h;hpp;hxx;hm;inl;inc</Extensions>
    </Filter>
  </ItemGroup>
  <ItemGroup>
    <ClInclude Include="..\..\..\..\VOXCHRONICLE\libs\lua\cocos2dx_support\CCLuaEngine.h">
      <Filter>libs</Filter>
    </ClInclude>
    <ClInclude Include="..\..\..\..\VOXCHRONICLE\libs\lua\cocos2dx_support\Cocos2dxLuaLoader.h">
      <Filter>libs</Filter>
    </ClInclude>
    <ClInclude Include="..\..\..\..\VOXCHRONICLE\libs\lua\cocos2dx_support\LuaCocos2d.h">
      <Filter>libs</Filter>
    </ClInclude>
    <ClInclude Include="..\..\..\..\VOXCHRONICLE\libs\lua\cocos2dx_support\tolua_fix.h">
      <Filter>libs</Filter>
    </ClInclude>
    <ClInclude Include="..\..\..\..\VOXCHRONICLE\Classes\includes\LuaObject.h">
      <Filter>Classes\include</Filter>
    </ClInclude>
    <ClInclude Include="..\..\..\..\VOXCHRONICLE\Classes\includes\MainScene.h">
      <Filter>Classes\include</Filter>
    </ClInclude>
    <ClInclude Include="..\..\..\..\VOXCHRONICLE\Classes\includes\Map.h">
      <Filter>Classes\include</Filter>
    </ClInclude>
    <ClInclude Include="..\..\..\..\VOXCHRONICLE\Classes\includes\MapSelector.h">
      <Filter>Classes\include</Filter>
    </ClInclude>
    <ClInclude Include="..\..\..\..\VOXCHRONICLE\Classes\includes\Music.h">
      <Filter>Classes\include</Filter>
    </ClInclude>
    <ClInclude Include="..\..\..\..\VOXCHRONICLE\Classes\includes\Skill.h">
      <Filter>Classes\include</Filter>
    </ClInclude>
    <ClInclude Include="..\..\..\..\VOXCHRONICLE\Classes\includes\SkillTrigger.h">
      <Filter>Classes\include</Filter>
    </ClInclude>
    <ClInclude Include="..\..\..\..\VOXCHRONICLE\Classes\includes\Track.h">
      <Filter>Classes\include</Filter>
    </ClInclude>
    <ClInclude Include="..\..\..\..\VOXCHRONICLE\Classes\includes\TrackCache.h">
      <Filter>Classes\include</Filter>
    </ClInclude>
    <ClInclude Include="..\..\..\..\VOXCHRONICLE\Classes\includes\Utils.h">
      <Filter>Classes\include</Filter>
    </ClInclude>
    <ClInclude Include="..\..\..\..\VOXCHRONICLE\Classes\includes\Character.h">
      <Filter>Classes\include</Filter>
    </ClInclude>
    <ClInclude Include="..\..\..\..\VOXCHRONICLE\Classes\includes\CharacterManager.h">
      <Filter>Classes\include</Filter>
    </ClInclude>
    <ClInclude Include="..\..\..\..\VOXCHRONICLE\Classes\includes\Controller.h">
      <Filter>Classes\include</Filter>
    </ClInclude>
    <ClInclude Include="..\..\..\..\VOXCHRONICLE\Classes\includes\Enemy.h">
      <Filter>Classes\include</Filter>
    </ClInclude>
    <ClInclude Include="..\..\..\..\VOXCHRONICLE\Classes\includes\EnemyManager.h">
      <Filter>Classes\include</Filter>
    </ClInclude>
    <ClInclude Include="..\..\..\..\VOXCHRONICLE\Classes\includes\Level.h">
      <Filter>Classes\include</Filter>
    </ClInclude>
    <ClInclude Include="..\..\..\..\VOXCHRONICLE\Classes\includes\LogoScene.h">
      <Filter>Classes\include</Filter>
    </ClInclude>
    <ClInclude Include="..\..\..\..\VOXCHRONICLE\Classes\includes\LuaBind.h">
      <Filter>Classes\include</Filter>
    </ClInclude>
    <ClInclude Include="..\..\..\..\VOXCHRONICLE\Classes\includes\macros.h">
      <Filter>Classes\include</Filter>
    </ClInclude>
    <ClInclude Include="..\..\..\..\VOXCHRONICLE\Classes\includes\FileUtils.h">
      <Filter>Classes\include</Filter>
    </ClInclude>
    <ClInclude Include="..\..\..\..\VOXCHRONICLE\Classes\includes\MessageWindow.h">
      <Filter>Classes\include</Filter>
    </ClInclude>
    <ClInclude Include="..\..\..\..\VOXCHRONICLE\Classes\includes\TitleScene.h">
      <Filter>Classes\include</Filter>
    </ClInclude>
    <ClInclude Include="..\..\..\..\VOXCHRONICLE\Classes\includes\BlinkLayer.h">
      <Filter>Classes\include</Filter>
    </ClInclude>
    <ClInclude Include="..\..\..\..\VOXCHRONICLE\Classes\includes\VIMciPlayer.h">
      <Filter>Classes\include</Filter>
    </ClInclude>
    <ClInclude Include="..\..\..\..\VOXCHRONICLE\Classes\includes\DebugScene.h">
      <Filter>Classes\include</Filter>
    </ClInclude>
    <ClInclude Include="..\..\..\..\VOXCHRONICLE\Classes\includes\MusicSet.h">
      <Filter>Classes\include</Filter>
    </ClInclude>
    <ClInclude Include="..\..\..\..\VOXCHRONICLE\Classes\includes\StatusLayer.h">
      <Filter>Classes\include</Filter>
    </ClInclude>
    <ClInclude Include="..\..\..\..\VOXCHRONICLE\Classes\includes\QTETrigger.h">
      <Filter>Classes\include</Filter>
    </ClInclude>
    <ClInclude Include="..\..\..\..\VOXCHRONICLE\Classes\includes\EnemySkill.h">
      <Filter>Classes\include</Filter>
    </ClInclude>
    <ClInclude Include="resource1.h">
      <Filter>Classes\include</Filter>
    </ClInclude>
    <ClInclude Include="..\..\..\..\VOXCHRONICLE\Classes\includes\PauseLayer.h">
      <Filter>Classes\include</Filter>
    </ClInclude>
  </ItemGroup>
  <ItemGroup>
    <ClCompile Include="main.cpp">
      <Filter>Classes\source</Filter>
    </ClCompile>
    <ClCompile Include="..\..\..\..\VOXCHRONICLE\Classes\VISS\TrackCache.cpp">
      <Filter>Classes\source</Filter>
    </ClCompile>
    <ClCompile Include="..\..\..\..\VOXCHRONICLE\Classes\Util\Utils.cpp">
      <Filter>Classes\source</Filter>
    </ClCompile>
    <ClCompile Include="..\..\..\..\VOXCHRONICLE\Classes\UI\Controller.cpp">
      <Filter>Classes\source</Filter>
    </ClCompile>
    <ClCompile Include="..\..\..\..\VOXCHRONICLE\Classes\UI\SkillTrigger.cpp">
      <Filter>Classes\source</Filter>
    </ClCompile>
    <ClCompile Include="..\..\..\..\VOXCHRONICLE\Classes\Scene\MainScene.cpp">
      <Filter>Classes\source</Filter>
    </ClCompile>
    <ClCompile Include="..\..\..\..\VOXCHRONICLE\Classes\Scene\LogoScene.cpp">
      <Filter>Classes\source</Filter>
    </ClCompile>
    <ClCompile Include="..\..\..\..\VOXCHRONICLE\Classes\Model\Character.cpp">
      <Filter>Classes\source</Filter>
    </ClCompile>
    <ClCompile Include="..\..\..\..\VOXCHRONICLE\Classes\Model\CharacterManager.cpp">
      <Filter>Classes\source</Filter>
    </ClCompile>
    <ClCompile Include="..\..\..\..\VOXCHRONICLE\Classes\Model\Enemy.cpp">
      <Filter>Classes\source</Filter>
    </ClCompile>
    <ClCompile Include="..\..\..\..\VOXCHRONICLE\Classes\Model\EnemyManager.cpp">
      <Filter>Classes\source</Filter>
    </ClCompile>
    <ClCompile Include="..\..\..\..\VOXCHRONICLE\Classes\Model\Level.cpp">
      <Filter>Classes\source</Filter>
    </ClCompile>
    <ClCompile Include="..\..\..\..\VOXCHRONICLE\Classes\Model\Map.cpp">
      <Filter>Classes\source</Filter>
    </ClCompile>
    <ClCompile Include="..\..\..\..\VOXCHRONICLE\Classes\Model\MapSelector.cpp">
      <Filter>Classes\source</Filter>
    </ClCompile>
    <ClCompile Include="..\..\..\..\VOXCHRONICLE\Classes\Model\Skill.cpp">
      <Filter>Classes\source</Filter>
    </ClCompile>
    <ClCompile Include="..\..\..\..\VOXCHRONICLE\Classes\Lua\LuaObject.cpp">
      <Filter>Classes\source</Filter>
    </ClCompile>
    <ClCompile Include="..\..\..\..\VOXCHRONICLE\Classes\Lua\LuaBind.cpp">
      <Filter>Classes\source</Filter>
    </ClCompile>
    <ClCompile Include="..\..\..\..\VOXCHRONICLE\libs\lua\cocos2dx_support\CCLuaEngine.cpp">
      <Filter>libs</Filter>
    </ClCompile>
    <ClCompile Include="..\..\..\..\VOXCHRONICLE\libs\lua\cocos2dx_support\Cocos2dxLuaLoader.cpp">
      <Filter>libs</Filter>
    </ClCompile>
    <ClCompile Include="..\..\..\..\VOXCHRONICLE\libs\lua\cocos2dx_support\LuaCocos2d.cpp">
      <Filter>libs</Filter>
    </ClCompile>
    <ClCompile Include="..\..\..\..\VOXCHRONICLE\libs\lua\cocos2dx_support\tolua_fix.c">
      <Filter>libs</Filter>
    </ClCompile>
    <ClCompile Include="..\..\..\..\VOXCHRONICLE\Classes\VISS\Track.cpp">
      <Filter>Classes\source</Filter>
    </ClCompile>
    <ClCompile Include="..\..\..\..\VOXCHRONICLE\Classes\VISS\Music.cpp">
      <Filter>Classes\source</Filter>
    </ClCompile>
    <ClCompile Include="..\..\..\..\VOXCHRONICLE\Classes\AppDelegate.cpp">
      <Filter>Classes\source</Filter>
    </ClCompile>
    <ClCompile Include="..\..\..\..\VOXCHRONICLE\Classes\Util\FileUtils.cpp">
      <Filter>Classes\source</Filter>
    </ClCompile>
    <ClCompile Include="..\..\..\..\VOXCHRONICLE\Classes\UI\MessageWindow.cpp">
      <Filter>Classes\source</Filter>
    </ClCompile>
    <ClCompile Include="..\..\..\..\VOXCHRONICLE\Classes\UI\BlinkLayer.cpp">
      <Filter>Classes\source</Filter>
    </ClCompile>
    <ClCompile Include="..\..\..\..\VOXCHRONICLE\Classes\Scene\TitleScene.cpp">
      <Filter>Classes\source</Filter>
    </ClCompile>
    <ClCompile Include="..\..\..\..\VOXCHRONICLE\Classes\VISS\VIMciPlayer.cpp">
      <Filter>Classes\source</Filter>
    </ClCompile>
    <ClCompile Include="..\..\..\..\VOXCHRONICLE\Classes\Scene\DebugScene.cpp">
      <Filter>Classes\source</Filter>
    </ClCompile>
    <ClCompile Include="..\..\..\..\VOXCHRONICLE\Classes\UI\QTETrigger.cpp">
      <Filter>Classes\source</Filter>
    </ClCompile>
    <ClCompile Include="..\..\..\..\VOXCHRONICLE\Classes\UI\StatusLayer.cpp">
      <Filter>Classes\source</Filter>
    </ClCompile>
    <ClCompile Include="..\..\..\..\VOXCHRONICLE\Classes\Model\EnemySkill.cpp">
      <Filter>Classes\source</Filter>
    </ClCompile>
    <ClCompile Include="..\..\..\..\VOXCHRONICLE\Classes\Model\MusicSet.cpp">
      <Filter>Classes\source</Filter>
    </ClCompile>
    <ClCompile Include="..\..\..\..\VOXCHRONICLE\Classes\UI\PauseLayer.cpp">
      <Filter>Classes\source</Filter>
    </ClCompile>
  </ItemGroup>
  <ItemGroup>
    <ResourceCompile Include="VOXCHRONICLE.win32.rc" />
  </ItemGroup>
</Project>